
Microsoft Visual Studio Solution File, Format Version 12.00
# Visual Studio Version 16
VisualStudioVersion = 16.0.30907.101
MinimumVisualStudioVersion = 10.0.40219.1
Project("{2150E333-8FDC-42A3-9474-1A3956D46DE8}") = "src", "src", "{5D6C7262-688B-49DF-8CCA-B8FEB1719BBD}"
EndProject
Project("{2150E333-8FDC-42A3-9474-1A3956D46DE8}") = "Catalog", "Catalog", "{355B0E7D-D77C-4723-88A2-3886F1F8C922}"
EndProject
Project("{9A19103F-16F7-4668-BE54-9A1E7A4F7556}") = "Catalog.API", "src\Catalog\Catalog.API\Catalog.API.csproj", "{A29BDDB1-CD59-47C9-A335-0EDDEF82C4B0}"
EndProject
Project("{E53339B2-1760-4266-BCC7-CA923CBCF16C}") = "docker-compose", "docker-compose.dcproj", "{40289F57-1DFC-4A34-BB96-1333B7DD952E}"
EndProject
Project("{2150E333-8FDC-42A3-9474-1A3956D46DE8}") = "Basket", "Basket", "{5B473476-E312-41DA-AE7A-01A3F470C8B5}"
EndProject
Project("{FAE04EC0-301F-11D3-BF4B-00C04F79EFBC}") = "Basket.API", "src\Basket\Basket.API\Basket.API.csproj", "{51EE0554-37EC-46DB-97AF-1C72B4C880EE}"
EndProject
Global
	GlobalSection(SolutionConfigurationPlatforms) = preSolution
		Debug|Any CPU = Debug|Any CPU
		Release|Any CPU = Release|Any CPU
	EndGlobalSection
	GlobalSection(ProjectConfigurationPlatforms) = postSolution
		{A29BDDB1-CD59-47C9-A335-0EDDEF82C4B0}.Debug|Any CPU.ActiveCfg = Debug|Any CPU
		{A29BDDB1-CD59-47C9-A335-0EDDEF82C4B0}.Debug|Any CPU.Build.0 = Debug|Any CPU
		{A29BDDB1-CD59-47C9-A335-0EDDEF82C4B0}.Release|Any CPU.ActiveCfg = Release|Any CPU
		{A29BDDB1-CD59-47C9-A335-0EDDEF82C4B0}.Release|Any CPU.Build.0 = Release|Any CPU
		{40289F57-1DFC-4A34-BB96-1333B7DD952E}.Debug|Any CPU.ActiveCfg = Debug|Any CPU
		{40289F57-1DFC-4A34-BB96-1333B7DD952E}.Debug|Any CPU.Build.0 = Debug|Any CPU
		{40289F57-1DFC-4A34-BB96-1333B7DD952E}.Release|Any CPU.ActiveCfg = Release|Any CPU
		{40289F57-1DFC-4A34-BB96-1333B7DD952E}.Release|Any CPU.Build.0 = Release|Any CPU
		{51EE0554-37EC-46DB-97AF-1C72B4C880EE}.Debug|Any CPU.ActiveCfg = Debug|Any CPU
		{51EE0554-37EC-46DB-97AF-1C72B4C880EE}.Debug|Any CPU.Build.0 = Debug|Any CPU
		{51EE0554-37EC-46DB-97AF-1C72B4C880EE}.Release|Any CPU.ActiveCfg = Release|Any CPU
		{51EE0554-37EC-46DB-97AF-1C72B4C880EE}.Release|Any CPU.Build.0 = Release|Any CPU
	EndGlobalSection
	GlobalSection(SolutionProperties) = preSolution
		HideSolutionNode = FALSE
	EndGlobalSection
	GlobalSection(NestedProjects) = preSolution
		{355B0E7D-D77C-4723-88A2-3886F1F8C922} = {5D6C7262-688B-49DF-8CCA-B8FEB1719BBD}
		{A29BDDB1-CD59-47C9-A335-0EDDEF82C4B0} = {355B0E7D-D77C-4723-88A2-3886F1F8C922}
		{5B473476-E312-41DA-AE7A-01A3F470C8B5} = {5D6C7262-688B-49DF-8CCA-B8FEB1719BBD}
		{51EE0554-37EC-46DB-97AF-1C72B4C880EE} = {5B473476-E312-41DA-AE7A-01A3F470C8B5}
	EndGlobalSection
	GlobalSection(ExtensibilityGlobals) = postSolution
		SolutionGuid = {D749F9DD-8C60-4DCC-995A-472BB8C999A9}
	EndGlobalSection
EndGlobal
